
Microsoft Visual Studio Solution File, Format Version 12.00
# Visual Studio 2013
Project("{FAE04EC0-301F-11D3-BF4B-00C04F79EFBC}") = "u3d.CSharp", "u3d.CSharp.csproj", "{F7FEFD91-62F7-89C0-3EC0-052531FDCAE2}"
EndProject
Project("{FAE04EC0-301F-11D3-BF4B-00C04F79EFBC}") = "u3d.CSharp.Editor", "u3d.CSharp.Editor.csproj", "{B2BCDA16-4EA3-741F-425D-769755F87A41}"
EndProject
Global
	GlobalSection(SolutionConfigurationPlatforms) = preSolution
		Debug|Any CPU = Debug|Any CPU
		Release|Any CPU = Release|Any CPU
	EndGlobalSection
	GlobalSection(ProjectConfigurationPlatforms) = postSolution
		{F7FEFD91-62F7-89C0-3EC0-052531FDCAE2}.Debug|Any CPU.ActiveCfg = Debug|Any CPU
		{F7FEFD91-62F7-89C0-3EC0-052531FDCAE2}.Debug|Any CPU.Build.0 = Debug|Any CPU
		{F7FEFD91-62F7-89C0-3EC0-052531FDCAE2}.Release|Any CPU.ActiveCfg = Release|Any CPU
		{F7FEFD91-62F7-89C0-3EC0-052531FDCAE2}.Release|Any CPU.Build.0 = Release|Any CPU
		{B2BCDA16-4EA3-741F-425D-769755F87A41}.Debug|Any CPU.ActiveCfg = Debug|Any CPU
		{B2BCDA16-4EA3-741F-425D-769755F87A41}.Debug|Any CPU.Build.0 = Debug|Any CPU
		{B2BCDA16-4EA3-741F-425D-769755F87A41}.Release|Any CPU.ActiveCfg = Release|Any CPU
		{B2BCDA16-4EA3-741F-425D-769755F87A41}.Release|Any CPU.Build.0 = Release|Any CPU
	EndGlobalSection
	GlobalSection(SolutionProperties) = preSolution
		HideSolutionNode = FALSE
	EndGlobalSection
EndGlobal
